// !$*UTF8*$!
{
	archiveVersion = 1;
	classes = {
	};
	objectVersion = 56;
	objects = {

/* Begin PBXBuildFile section */
		23BAE7DF2A0BB08600D18777 /* AppDelegate.swift in Sources */ = {isa = PBXBuildFile; fileRef = 23BAE7DE2A0BB08600D18777 /* AppDelegate.swift */; };
		23BAE7E12A0BB08600D18777 /* SceneDelegate.swift in Sources */ = {isa = PBXBuildFile; fileRef = 23BAE7E02A0BB08600D18777 /* SceneDelegate.swift */; };
		23BAE7E32A0BB08600D18777 /* ViewController.swift in Sources */ = {isa = PBXBuildFile; fileRef = 23BAE7E22A0BB08600D18777 /* ViewController.swift */; };
		23BAE7E62A0BB08600D18777 /* Main.storyboard in Resources */ = {isa = PBXBuildFile; fileRef = 23BAE7E42A0BB08600D18777 /* Main.storyboard */; };
		23BAE7E82A0BB08700D18777 /* Assets.xcassets in Resources */ = {isa = PBXBuildFile; fileRef = 23BAE7E72A0BB08700D18777 /* Assets.xcassets */; };
		23BAE7EB2A0BB08700D18777 /* LaunchScreen.storyboard in Resources */ = {isa = PBXBuildFile; fileRef = 23BAE7E92A0BB08700D18777 /* LaunchScreen.storyboard */; };
		23BAE7F62A0BB08700D18777 /* timer1_5Tests.swift in Sources */ = {isa = PBXBuildFile; fileRef = 23BAE7F52A0BB08700D18777 /* timer1_5Tests.swift */; };
		23BAE8002A0BB08700D18777 /* timer1_5UITests.swift in Sources */ = {isa = PBXBuildFile; fileRef = 23BAE7FF2A0BB08700D18777 /* timer1_5UITests.swift */; };
		23BAE8022A0BB08700D18777 /* timer1_5UITestsLaunchTests.swift in Sources */ = {isa = PBXBuildFile; fileRef = 23BAE8012A0BB08700D18777 /* timer1_5UITestsLaunchTests.swift */; };
		23BAE80F2A0BCCF000D18777 /* SecondViewController.swift in Sources */ = {isa = PBXBuildFile; fileRef = 23BAE80E2A0BCCF000D18777 /* SecondViewController.swift */; };
/* End PBXBuildFile section */

/* Begin PBXContainerItemProxy section */
		23BAE7F22A0BB08700D18777 /* PBXContainerItemProxy */ = {
			isa = PBXContainerItemProxy;
			containerPortal = 23BAE7D32A0BB08600D18777 /* Project object */;
			proxyType = 1;
			remoteGlobalIDString = 23BAE7DA2A0BB08600D18777;
			remoteInfo = timer1.5;
		};
		23BAE7FC2A0BB08700D18777 /* PBXContainerItemProxy */ = {
			isa = PBXContainerItemProxy;
			containerPortal = 23BAE7D32A0BB08600D18777 /* Project object */;
			proxyType = 1;
			remoteGlobalIDString = 23BAE7DA2A0BB08600D18777;
			remoteInfo = timer1.5;
		};
/* End PBXContainerItemProxy section */

/* Begin PBXFileReference section */
		23BAE7DB2A0BB08600D18777 /* timer1.5.app */ = {isa = PBXFileReference; explicitFileType = wrapper.application; includeInIndex = 0; path = timer1.5.app; sourceTree = BUILT_PRODUCTS_DIR; };
		23BAE7DE2A0BB08600D18777 /* AppDelegate.swift */ = {isa = PBXFileReference; lastKnownFileType = sourcecode.swift; path = AppDelegate.swift; sourceTree = "<group>"; };
		23BAE7E02A0BB08600D18777 /* SceneDelegate.swift */ = {isa = PBXFileReference; lastKnownFileType = sourcecode.swift; path = SceneDelegate.swift; sourceTree = "<group>"; };
		23BAE7E22A0BB08600D18777 /* ViewController.swift */ = {isa = PBXFileReference; lastKnownFileType = sourcecode.swift; path = ViewController.swift; sourceTree = "<group>"; };
		23BAE7E52A0BB08600D18777 /* Base */ = {isa = PBXFileReference; lastKnownFileType = file.storyboard; name = Base; path = Base.lproj/Main.storyboard; sourceTree = "<group>"; };
		23BAE7E72A0BB08700D18777 /* Assets.xcassets */ = {isa = PBXFileReference; lastKnownFileType = folder.assetcatalog; path = Assets.xcassets; sourceTree = "<group>"; };
		23BAE7EA2A0BB08700D18777 /* Base */ = {isa = PBXFileReference; lastKnownFileType = file.storyboard; name = Base; path = Base.lproj/LaunchScreen.storyboard; sourceTree = "<group>"; };
		23BAE7EC2A0BB08700D18777 /* Info.plist */ = {isa = PBXFileReference; lastKnownFileType = text.plist.xml; path = Info.plist; sourceTree = "<group>"; };
		23BAE7F12A0BB08700D18777 /* timer1.5Tests.xctest */ = {isa = PBXFileReference; explicitFileType = wrapper.cfbundle; includeInIndex = 0; path = timer1.5Tests.xctest; sourceTree = BUILT_PRODUCTS_DIR; };
		23BAE7F52A0BB08700D18777 /* timer1_5Tests.swift */ = {isa = PBXFileReference; lastKnownFileType = sourcecode.swift; path = timer1_5Tests.swift; sourceTree = "<group>"; };
		23BAE7FB2A0BB08700D18777 /* timer1.5UITests.xctest */ = {isa = PBXFileReference; explicitFileType = wrapper.cfbundle; includeInIndex = 0; path = timer1.5UITests.xctest; sourceTree = BUILT_PRODUCTS_DIR; };
		23BAE7FF2A0BB08700D18777 /* timer1_5UITests.swift */ = {isa = PBXFileReference; lastKnownFileType = sourcecode.swift; path = timer1_5UITests.swift; sourceTree = "<group>"; };
		23BAE8012A0BB08700D18777 /* timer1_5UITestsLaunchTests.swift */ = {isa = PBXFileReference; lastKnownFileType = sourcecode.swift; path = timer1_5UITestsLaunchTests.swift; sourceTree = "<group>"; };
		23BAE80E2A0BCCF000D18777 /* SecondViewController.swift */ = {isa = PBXFileReference; lastKnownFileType = sourcecode.swift; path = SecondViewController.swift; sourceTree = "<group>"; };
/* End PBXFileReference section */

/* Begin PBXFrameworksBuildPhase section */
		23BAE7D82A0BB08600D18777 /* Frameworks */ = {
			isa = PBXFrameworksBuildPhase;
			buildActionMask = 2147483647;
			files = (
			);
			runOnlyForDeploymentPostprocessing = 0;
		};
		23BAE7EE2A0BB08700D18777 /* Frameworks */ = {
			isa = PBXFrameworksBuildPhase;
			buildActionMask = 2147483647;
			files = (
			);
			runOnlyForDeploymentPostprocessing = 0;
		};
		23BAE7F82A0BB08700D18777 /* Frameworks */ = {
			isa = PBXFrameworksBuildPhase;
			buildActionMask = 2147483647;
			files = (
			);
			runOnlyForDeploymentPostprocessing = 0;
		};
/* End PBXFrameworksBuildPhase section */

/* Begin PBXGroup section */
		23BAE7D22A0BB08600D18777 = {
			isa = PBXGroup;
			children = (
				23BAE7DD2A0BB08600D18777 /* timer1.5 */,
				23BAE7F42A0BB08700D18777 /* timer1.5Tests */,
				23BAE7FE2A0BB08700D18777 /* timer1.5UITests */,
				23BAE7DC2A0BB08600D18777 /* Products */,
			);
			sourceTree = "<group>";
		};
		23BAE7DC2A0BB08600D18777 /* Products */ = {
			isa = PBXGroup;
			children = (
				23BAE7DB2A0BB08600D18777 /* timer1.5.app */,
				23BAE7F12A0BB08700D18777 /* timer1.5Tests.xctest */,
				23BAE7FB2A0BB08700D18777 /* timer1.5UITests.xctest */,
			);
			name = Products;
			sourceTree = "<group>";
		};
		23BAE7DD2A0BB08600D18777 /* timer1.5 */ = {
			isa = PBXGroup;
			children = (
				23BAE7DE2A0BB08600D18777 /* AppDelegate.swift */,
				23BAE7E02A0BB08600D18777 /* SceneDelegate.swift */,
				23BAE80E2A0BCCF000D18777 /* SecondViewController.swift */,
				23BAE7E22A0BB08600D18777 /* ViewController.swift */,
				23BAE7E42A0BB08600D18777 /* Main.storyboard */,
				23BAE7E72A0BB08700D18777 /* Assets.xcassets */,
				23BAE7E92A0BB08700D18777 /* LaunchScreen.storyboard */,
				23BAE7EC2A0BB08700D18777 /* Info.plist */,
			);
			path = timer1.5;
			sourceTree = "<group>";
		};
		23BAE7F42A0BB08700D18777 /* timer1.5Tests */ = {
			isa = PBXGroup;
			children = (
				23BAE7F52A0BB08700D18777 /* timer1_5Tests.swift */,
			);
			path = timer1.5Tests;
			sourceTree = "<group>";
		};
		23BAE7FE2A0BB08700D18777 /* timer1.5UITests */ = {
			isa = PBXGroup;
			children = (
				23BAE7FF2A0BB08700D18777 /* timer1_5UITests.swift */,
				23BAE8012A0BB08700D18777 /* timer1_5UITestsLaunchTests.swift */,
			);
			path = timer1.5UITests;
			sourceTree = "<group>";
		};
/* End PBXGroup section */

/* Begin PBXNativeTarget section */
		23BAE7DA2A0BB08600D18777 /* timer1.5 */ = {
			isa = PBXNativeTarget;
			buildConfigurationList = 23BAE8052A0BB08700D18777 /* Build configuration list for PBXNativeTarget "timer1.5" */;
			buildPhases = (
				23BAE7D72A0BB08600D18777 /* Sources */,
				23BAE7D82A0BB08600D18777 /* Frameworks */,
				23BAE7D92A0BB08600D18777 /* Resources */,
			);
			buildRules = (
			);
			dependencies = (
			);
			name = timer1.5;
			productName = timer1.5;
			productReference = 23BAE7DB2A0BB08600D18777 /* timer1.5.app */;
			productType = "com.apple.product-type.application";
		};
		23BAE7F02A0BB08700D18777 /* timer1.5Tests */ = {
			isa = PBXNativeTarget;
			buildConfigurationList = 23BAE8082A0BB08700D18777 /* Build configuration list for PBXNativeTarget "timer1.5Tests" */;
			buildPhases = (
				23BAE7ED2A0BB08700D18777 /* Sources */,
				23BAE7EE2A0BB08700D18777 /* Frameworks */,
				23BAE7EF2A0BB08700D18777 /* Resources */,
			);
			buildRules = (
			);
			dependencies = (
				23BAE7F32A0BB08700D18777 /* PBXTargetDependency */,
			);
			name = timer1.5Tests;
			productName = timer1.5Tests;
			productReference = 23BAE7F12A0BB08700D18777 /* timer1.5Tests.xctest */;
			productType = "com.apple.product-type.bundle.unit-test";
		};
		23BAE7FA2A0BB08700D18777 /* timer1.5UITests */ = {
			isa = PBXNativeTarget;
			buildConfigurationList = 23BAE80B2A0BB08700D18777 /* Build configuration list for PBXNativeTarget "timer1.5UITests" */;
			buildPhases = (
				23BAE7F72A0BB08700D18777 /* Sources */,
				23BAE7F82A0BB08700D18777 /* Frameworks */,
				23BAE7F92A0BB08700D18777 /* Resources */,
			);
			buildRules = (
			);
			dependencies = (
				23BAE7FD2A0BB08700D18777 /* PBXTargetDependency */,
			);
			name = timer1.5UITests;
			productName = timer1.5UITests;
			productReference = 23BAE7FB2A0BB08700D18777 /* timer1.5UITests.xctest */;
			productType = "com.apple.product-type.bundle.ui-testing";
		};
/* End PBXNativeTarget section */

/* Begin PBXProject section */
		23BAE7D32A0BB08600D18777 /* Project object */ = {
			isa = PBXProject;
			attributes = {
				BuildIndependentTargetsInParallel = 1;
				LastSwiftUpdateCheck = 1430;
				LastUpgradeCheck = 1430;
				TargetAttributes = {
					23BAE7DA2A0BB08600D18777 = {
						CreatedOnToolsVersion = 14.3;
					};
					23BAE7F02A0BB08700D18777 = {
						CreatedOnToolsVersion = 14.3;
						TestTargetID = 23BAE7DA2A0BB08600D18777;
					};
					23BAE7FA2A0BB08700D18777 = {
						CreatedOnToolsVersion = 14.3;
						TestTargetID = 23BAE7DA2A0BB08600D18777;
					};
				};
			};
			buildConfigurationList = 23BAE7D62A0BB08600D18777 /* Build configuration list for PBXProject "timer1.5" */;
			compatibilityVersion = "Xcode 14.0";
			developmentRegion = en;
			hasScannedForEncodings = 0;
			knownRegions = (
				en,
				Base,
			);
			mainGroup = 23BAE7D22A0BB08600D18777;
			productRefGroup = 23BAE7DC2A0BB08600D18777 /* Products */;
			projectDirPath = "";
			projectRoot = "";
			targets = (
				23BAE7DA2A0BB08600D18777 /* timer1.5 */,
				23BAE7F02A0BB08700D18777 /* timer1.5Tests */,
				23BAE7FA2A0BB08700D18777 /* timer1.5UITests */,
			);
		};
/* End PBXProject section */

/* Begin PBXResourcesBuildPhase section */
		23BAE7D92A0BB08600D18777 /* Resources */ = {
			isa = PBXResourcesBuildPhase;
			buildActionMask = 2147483647;
			files = (
				23BAE7EB2A0BB08700D18777 /* LaunchScreen.storyboard in Resources */,
				23BAE7E82A0BB08700D18777 /* Assets.xcassets in Resources */,
				23BAE7E62A0BB08600D18777 /* Main.storyboard in Resources */,
			);
			runOnlyForDeploymentPostprocessing = 0;
		};
		23BAE7EF2A0BB08700D18777 /* Resources */ = {
			isa = PBXResourcesBuildPhase;
			buildActionMask = 2147483647;
			files = (
			);
			runOnlyForDeploymentPostprocessing = 0;
		};
		23BAE7F92A0BB08700D18777 /* Resources */ = {
			isa = PBXResourcesBuildPhase;
			buildActionMask = 2147483647;
			files = (
			);
			runOnlyForDeploymentPostprocessing = 0;
		};
/* End PBXResourcesBuildPhase section */

/* Begin PBXSourcesBuildPhase section */
		23BAE7D72A0BB08600D18777 /* Sources */ = {
			isa = PBXSourcesBuildPhase;
			buildActionMask = 2147483647;
			files = (
				23BAE80F2A0BCCF000D18777 /* SecondViewController.swift in Sources */,
				23BAE7E32A0BB08600D18777 /* ViewController.swift in Sources */,
				23BAE7DF2A0BB08600D18777 /* AppDelegate.swift in Sources */,
				23BAE7E12A0BB08600D18777 /* SceneDelegate.swift in Sources */,
			);
			runOnlyForDeploymentPostprocessing = 0;
		};
		23BAE7ED2A0BB08700D18777 /* Sources */ = {
			isa = PBXSourcesBuildPhase;
			buildActionMask = 2147483647;
			files = (
				23BAE7F62A0BB08700D18777 /* timer1_5Tests.swift in Sources */,
			);
			runOnlyForDeploymentPostprocessing = 0;
		};
		23BAE7F72A0BB08700D18777 /* Sources */ = {
			isa = PBXSourcesBuildPhase;
			buildActionMask = 2147483647;
			files = (
				23BAE8022A0BB08700D18777 /* timer1_5UITestsLaunchTests.swift in Sources */,
				23BAE8002A0BB08700D18777 /* timer1_5UITests.swift in Sources */,
			);
			runOnlyForDeploymentPostprocessing = 0;
		};
/* End PBXSourcesBuildPhase section */

/* Begin PBXTargetDependency section */
		23BAE7F32A0BB08700D18777 /* PBXTargetDependency */ = {
			isa = PBXTargetDependency;
			target = 23BAE7DA2A0BB08600D18777 /* timer1.5 */;
			targetProxy = 23BAE7F22A0BB08700D18777 /* PBXContainerItemProxy */;
		};
		23BAE7FD2A0BB08700D18777 /* PBXTargetDependency */ = {
			isa = PBXTargetDependency;
			target = 23BAE7DA2A0BB08600D18777 /* timer1.5 */;
			targetProxy = 23BAE7FC2A0BB08700D18777 /* PBXContainerItemProxy */;
		};
/* End PBXTargetDependency section */

/* Begin PBXVariantGroup section */
		23BAE7E42A0BB08600D18777 /* Main.storyboard */ = {
			isa = PBXVariantGroup;
			children = (
				23BAE7E52A0BB08600D18777 /* Base */,
			);
			name = Main.storyboard;
			sourceTree = "<group>";
		};
		23BAE7E92A0BB08700D18777 /* LaunchScreen.storyboard */ = {
			isa = PBXVariantGroup;
			children = (
				23BAE7EA2A0BB08700D18777 /* Base */,
			);
			name = LaunchScreen.storyboard;
			sourceTree = "<group>";
		};
/* End PBXVariantGroup section */

/* Begin XCBuildConfiguration section */
		23BAE8032A0BB08700D18777 /* Debug */ = {
			isa = XCBuildConfiguration;
			buildSettings = {
				ALWAYS_SEARCH_USER_PATHS = NO;
				CLANG_ANALYZER_NONNULL = YES;
				CLANG_ANALYZER_NUMBER_OBJECT_CONVERSION = YES_AGGRESSIVE;
				CLANG_CXX_LANGUAGE_STANDARD = "gnu++20";
				CLANG_ENABLE_MODULES = YES;
				CLANG_ENABLE_OBJC_ARC = YES;
				CLANG_ENABLE_OBJC_WEAK = YES;
				CLANG_WARN_BLOCK_CAPTURE_AUTORELEASING = YES;
				CLANG_WARN_BOOL_CONVERSION = YES;
				CLANG_WARN_COMMA = YES;
				CLANG_WARN_CONSTANT_CONVERSION = YES;
				CLANG_WARN_DEPRECATED_OBJC_IMPLEMENTATIONS = YES;
				CLANG_WARN_DIRECT_OBJC_ISA_USAGE = YES_ERROR;
				CLANG_WARN_DOCUMENTATION_COMMENTS = YES;
				CLANG_WARN_EMPTY_BODY = YES;
				CLANG_WARN_ENUM_CONVERSION = YES;
				CLANG_WARN_INFINITE_RECURSION = YES;
				CLANG_WARN_INT_CONVERSION = YES;
				CLANG_WARN_NON_LITERAL_NULL_CONVERSION = YES;
				CLANG_WARN_OBJC_IMPLICIT_RETAIN_SELF = YES;
				CLANG_WARN_OBJC_LITERAL_CONVERSION = YES;
				CLANG_WARN_OBJC_ROOT_CLASS = YES_ERROR;
				CLANG_WARN_QUOTED_INCLUDE_IN_FRAMEWORK_HEADER = YES;
				CLANG_WARN_RANGE_LOOP_ANALYSIS = YES;
				CLANG_WARN_STRICT_PROTOTYPES = YES;
				CLANG_WARN_SUSPICIOUS_MOVE = YES;
				CLANG_WARN_UNGUARDED_AVAILABILITY = YES_AGGRESSIVE;
				CLANG_WARN_UNREACHABLE_CODE = YES;
				CLANG_WARN__DUPLICATE_METHOD_MATCH = YES;
				COPY_PHASE_STRIP = NO;
				DEBUG_INFORMATION_FORMAT = dwarf;
				ENABLE_STRICT_OBJC_MSGSEND = YES;
				ENABLE_TESTABILITY = YES;
				GCC_C_LANGUAGE_STANDARD = gnu11;
				GCC_DYNAMIC_NO_PIC = NO;
				GCC_NO_COMMON_BLOCKS = YES;
				GCC_OPTIMIZATION_LEVEL = 0;
				GCC_PREPROCESSOR_DEFINITIONS = (
					"DEBUG=1",
					"$(inherited)",
				);
				GCC_WARN_64_TO_32_BIT_CONVERSION = YES;
				GCC_WARN_ABOUT_RETURN_TYPE = YES_ERROR;
				GCC_WARN_UNDECLARED_SELECTOR = YES;
				GCC_WARN_UNINITIALIZED_AUTOS = YES_AGGRESSIVE;
				GCC_WARN_UNUSED_FUNCTION = YES;
				GCC_WARN_UNUSED_VARIABLE = YES;
				IPHONEOS_DEPLOYMENT_TARGET = 16.4;
				MTL_ENABLE_DEBUG_INFO = INCLUDE_SOURCE;
				MTL_FAST_MATH = YES;
				ONLY_ACTIVE_ARCH = YES;
				SDKROOT = iphoneos;
				SWIFT_ACTIVE_COMPILATION_CONDITIONS = DEBUG;
				SWIFT_OPTIMIZATION_LEVEL = "-Onone";
			};
			name = Debug;
		};
		23BAE8042A0BB08700D18777 /* Release */ = {
			isa = XCBuildConfiguration;
			buildSettings = {
				ALWAYS_SEARCH_USER_PATHS = NO;
				CLANG_ANALYZER_NONNULL = YES;
				CLANG_ANALYZER_NUMBER_OBJECT_CONVERSION = YES_AGGRESSIVE;
				CLANG_CXX_LANGUAGE_STANDARD = "gnu++20";
				CLANG_ENABLE_MODULES = YES;
				CLANG_ENABLE_OBJC_ARC = YES;
				CLANG_ENABLE_OBJC_WEAK = YES;
				CLANG_WARN_BLOCK_CAPTURE_AUTORELEASING = YES;
				CLANG_WARN_BOOL_CONVERSION = YES;
				CLANG_WARN_COMMA = YES;
				CLANG_WARN_CONSTANT_CONVERSION = YES;
				CLANG_WARN_DEPRECATED_OBJC_IMPLEMENTATIONS = YES;
				CLANG_WARN_DIRECT_OBJC_ISA_USAGE = YES_ERROR;
				CLANG_WARN_DOCUMENTATION_COMMENTS = YES;
				CLANG_WARN_EMPTY_BODY = YES;
				CLANG_WARN_ENUM_CONVERSION = YES;
				CLANG_WARN_INFINITE_RECURSION = YES;
				CLANG_WARN_INT_CONVERSION = YES;
				CLANG_WARN_NON_LITERAL_NULL_CONVERSION = YES;
				CLANG_WARN_OBJC_IMPLICIT_RETAIN_SELF = YES;
				CLANG_WARN_OBJC_LITERAL_CONVERSION = YES;
				CLANG_WARN_OBJC_ROOT_CLASS = YES_ERROR;
				CLANG_WARN_QUOTED_INCLUDE_IN_FRAMEWORK_HEADER = YES;
				CLANG_WARN_RANGE_LOOP_ANALYSIS = YES;
				CLANG_WARN_STRICT_PROTOTYPES = YES;
				CLANG_WARN_SUSPICIOUS_MOVE = YES;
				CLANG_WARN_UNGUARDED_AVAILABILITY = YES_AGGRESSIVE;
				CLANG_WARN_UNREACHABLE_CODE = YES;
				CLANG_WARN__DUPLICATE_METHOD_MATCH = YES;
				COPY_PHASE_STRIP = NO;
				DEBUG_INFORMATION_FORMAT = "dwarf-with-dsym";
				ENABLE_NS_ASSERTIONS = NO;
				ENABLE_STRICT_OBJC_MSGSEND = YES;
				GCC_C_LANGUAGE_STANDARD = gnu11;
				GCC_NO_COMMON_BLOCKS = YES;
				GCC_WARN_64_TO_32_BIT_CONVERSION = YES;
				GCC_WARN_ABOUT_RETURN_TYPE = YES_ERROR;
				GCC_WARN_UNDECLARED_SELECTOR = YES;
				GCC_WARN_UNINITIALIZED_AUTOS = YES_AGGRESSIVE;
				GCC_WARN_UNUSED_FUNCTION = YES;
				GCC_WARN_UNUSED_VARIABLE = YES;
				IPHONEOS_DEPLOYMENT_TARGET = 16.4;
				MTL_ENABLE_DEBUG_INFO = NO;
				MTL_FAST_MATH = YES;
				SDKROOT = iphoneos;
				SWIFT_COMPILATION_MODE = wholemodule;
				SWIFT_OPTIMIZATION_LEVEL = "-O";
				VALIDATE_PRODUCT = YES;
			};
			name = Release;
		};
		23BAE8062A0BB08700D18777 /* Debug */ = {
			isa = XCBuildConfiguration;
			buildSettings = {
				ASSETCATALOG_COMPILER_APPICON_NAME = AppIcon;
				ASSETCATALOG_COMPILER_GLOBAL_ACCENT_COLOR_NAME = AccentColor;
				CODE_SIGN_STYLE = Automatic;
				CURRENT_PROJECT_VERSION = 1;
				GENERATE_INFOPLIST_FILE = YES;
				INFOPLIST_FILE = timer1.5/Info.plist;
				INFOPLIST_KEY_UIApplicationSupportsIndirectInputEvents = YES;
				INFOPLIST_KEY_UILaunchStoryboardName = LaunchScreen;
				INFOPLIST_KEY_UIMainStoryboardFile = Main;
				INFOPLIST_KEY_UISupportedInterfaceOrientations_iPad = "UIInterfaceOrientationPortrait UIInterfaceOrientationPortraitUpsideDown UIInterfaceOrientationLandscapeLeft UIInterfaceOrientationLandscapeRight";
				INFOPLIST_KEY_UISupportedInterfaceOrientations_iPhone = "UIInterfaceOrientationPortrait UIInterfaceOrientationLandscapeLeft UIInterfaceOrientationLandscapeRight";
				LD_RUNPATH_SEARCH_PATHS = (
					"$(inherited)",
					"@executable_path/Frameworks",
				);
				MARKETING_VERSION = 1.0;
				PRODUCT_BUNDLE_IDENTIFIER = "-.timer1-5";
				PRODUCT_NAME = "$(TARGET_NAME)";
				SWIFT_EMIT_LOC_STRINGS = YES;
				SWIFT_VERSION = 5.0;
				TARGETED_DEVICE_FAMILY = "1,2";
			};
			name = Debug;
		};
		23BAE8072A0BB08700D18777 /* Release */ = {
			isa = XCBuildConfiguration;
			buildSettings = {
				ASSETCATALOG_COMPILER_APPICON_NAME = AppIcon;
				ASSETCATALOG_COMPILER_GLOBAL_ACCENT_COLOR_NAME = AccentColor;
				CODE_SIGN_STYLE = Automatic;
				CURRENT_PROJECT_VERSION = 1;
				GENERATE_INFOPLIST_FILE = YES;
				INFOPLIST_FILE = timer1.5/Info.plist;
				INFOPLIST_KEY_UIApplicationSupportsIndirectInputEvents = YES;
				INFOPLIST_KEY_UILaunchStoryboardName = LaunchScreen;
				INFOPLIST_KEY_UIMainStoryboardFile = Main;
				INFOPLIST_KEY_UISupportedInterfaceOrientations_iPad = "UIInterfaceOrientationPortrait UIInterfaceOrientationPortraitUpsideDown UIInterfaceOrientationLandscapeLeft UIInterfaceOrientationLandscapeRight";
				INFOPLIST_KEY_UISupportedInterfaceOrientations_iPhone = "UIInterfaceOrientationPortrait UIInterfaceOrientationLandscapeLeft UIInterfaceOrientationLandscapeRight";
				LD_RUNPATH_SEARCH_PATHS = (
					"$(inherited)",
					"@executable_path/Frameworks",
				);
				MARKETING_VERSION = 1.0;
				PRODUCT_BUNDLE_IDENTIFIER = "-.timer1-5";
				PRODUCT_NAME = "$(TARGET_NAME)";
				SWIFT_EMIT_LOC_STRINGS = YES;
				SWIFT_VERSION = 5.0;
				TARGETED_DEVICE_FAMILY = "1,2";
			};
			name = Release;
		};
		23BAE8092A0BB08700D18777 /* Debug */ = {
			isa = XCBuildConfiguration;
			buildSettings = {
				ALWAYS_EMBED_SWIFT_STANDARD_LIBRARIES = YES;
				BUNDLE_LOADER = "$(TEST_HOST)";
				CODE_SIGN_STYLE = Automatic;
				CURRENT_PROJECT_VERSION = 1;
				GENERATE_INFOPLIST_FILE = YES;
				IPHONEOS_DEPLOYMENT_TARGET = 16.4;
				MARKETING_VERSION = 1.0;
				PRODUCT_BUNDLE_IDENTIFIER = "-.timer1-5Tests";
				PRODUCT_NAME = "$(TARGET_NAME)";
				SWIFT_EMIT_LOC_STRINGS = NO;
				SWIFT_VERSION = 5.0;
				TARGETED_DEVICE_FAMILY = "1,2";
				TEST_HOST = "$(BUILT_PRODUCTS_DIR)/timer1.5.app/$(BUNDLE_EXECUTABLE_FOLDER_PATH)/timer1.5";
			};
			name = Debug;
		};
		23BAE80A2A0BB08700D18777 /* Release */ = {
			isa = XCBuildConfiguration;
			buildSettings = {
				ALWAYS_EMBED_SWIFT_STANDARD_LIBRARIES = YES;
				BUNDLE_LOADER = "$(TEST_HOST)";
				CODE_SIGN_STYLE = Automatic;
				CURRENT_PROJECT_VERSION = 1;
				GENERATE_INFOPLIST_FILE = YES;
				IPHONEOS_DEPLOYMENT_TARGET = 16.4;
				MARKETING_VERSION = 1.0;
				PRODUCT_BUNDLE_IDENTIFIER = "-.timer1-5Tests";
				PRODUCT_NAME = "$(TARGET_NAME)";
				SWIFT_EMIT_LOC_STRINGS = NO;
				SWIFT_VERSION = 5.0;
				TARGETED_DEVICE_FAMILY = "1,2";
				TEST_HOST = "$(BUILT_PRODUCTS_DIR)/timer1.5.app/$(BUNDLE_EXECUTABLE_FOLDER_PATH)/timer1.5";
			};
			name = Release;
		};
		23BAE80C2A0BB08700D18777 /* Debug */ = {
			isa = XCBuildConfiguration;
			buildSettings = {
				ALWAYS_EMBED_SWIFT_STANDARD_LIBRARIES = YES;
				CODE_SIGN_STYLE = Automatic;
				CURRENT_PROJECT_VERSION = 1;
				GENERATE_INFOPLIST_FILE = YES;
				MARKETING_VERSION = 1.0;
				PRODUCT_BUNDLE_IDENTIFIER = "-.timer1-5UITests";
				PRODUCT_NAME = "$(TARGET_NAME)";
				SWIFT_EMIT_LOC_STRINGS = NO;
				SWIFT_VERSION = 5.0;
				TARGETED_DEVICE_FAMILY = "1,2";
				TEST_TARGET_NAME = timer1.5;
			};
			name = Debug;
		};
		23BAE80D2A0BB08700D18777 /* Release */ = {
			isa = XCBuildConfiguration;
			buildSettings = {
				ALWAYS_EMBED_SWIFT_STANDARD_LIBRARIES = YES;
				CODE_SIGN_STYLE = Automatic;
				CURRENT_PROJECT_VERSION = 1;
				GENERATE_INFOPLIST_FILE = YES;
				MARKETING_VERSION = 1.0;
				PRODUCT_BUNDLE_IDENTIFIER = "-.timer1-5UITests";
				PRODUCT_NAME = "$(TARGET_NAME)";
				SWIFT_EMIT_LOC_STRINGS = NO;
				SWIFT_VERSION = 5.0;
				TARGETED_DEVICE_FAMILY = "1,2";
				TEST_TARGET_NAME = timer1.5;
			};
			name = Release;
		};
/* End XCBuildConfiguration section */

/* Begin XCConfigurationList section */
		23BAE7D62A0BB08600D18777 /* Build configuration list for PBXProject "timer1.5" */ = {
			isa = XCConfigurationList;
			buildConfigurations = (
				23BAE8032A0BB08700D18777 /* Debug */,
				23BAE8042A0BB08700D18777 /* Release */,
			);
			defaultConfigurationIsVisible = 0;
			defaultConfigurationName = Release;
		};
		23BAE8052A0BB08700D18777 /* Build configuration list for PBXNativeTarget "timer1.5" */ = {
			isa = XCConfigurationList;
			buildConfigurations = (
				23BAE8062A0BB08700D18777 /* Debug */,
				23BAE8072A0BB08700D18777 /* Release */,
			);
			defaultConfigurationIsVisible = 0;
			defaultConfigurationName = Release;
		};
		23BAE8082A0BB08700D18777 /* Build configuration list for PBXNativeTarget "timer1.5Tests" */ = {
			isa = XCConfigurationList;
			buildConfigurations = (
				23BAE8092A0BB08700D18777 /* Debug */,
				23BAE80A2A0BB08700D18777 /* Release */,
			);
			defaultConfigurationIsVisible = 0;
			defaultConfigurationName = Release;
		};
		23BAE80B2A0BB08700D18777 /* Build configuration list for PBXNativeTarget "timer1.5UITests" */ = {
			isa = XCConfigurationList;
			buildConfigurations = (
				23BAE80C2A0BB08700D18777 /* Debug */,
				23BAE80D2A0BB08700D18777 /* Release */,
			);
			defaultConfigurationIsVisible = 0;
			defaultConfigurationName = Release;
		};
/* End XCConfigurationList section */
	};
	rootObject = 23BAE7D32A0BB08600D18777 /* Project object */;
}
